// !$*UTF8*$!
{
	archiveVersion = 1;
	classes = {
	};
	objectVersion = 46;
	objects = {

/* Begin PBXBuildFile section */
		4E7956291DCA45B600F8096F /* main.m in Sources */ = {isa = PBXBuildFile; fileRef = 4E7956281DCA45B600F8096F /* main.m */; };
		4E79562C1DCA45B600F8096F /* AppDelegate.m in Sources */ = {isa = PBXBuildFile; fileRef = 4E79562B1DCA45B600F8096F /* AppDelegate.m */; };
		4E79562F1DCA45B600F8096F /* ViewController.m in Sources */ = {isa = PBXBuildFile; fileRef = 4E79562E1DCA45B600F8096F /* ViewController.m */; };
		4E7956321DCA45B600F8096F /* Main.storyboard in Resources */ = {isa = PBXBuildFile; fileRef = 4E7956301DCA45B600F8096F /* Main.storyboard */; };
		4E7956341DCA45B600F8096F /* Assets.xcassets in Resources */ = {isa = PBXBuildFile; fileRef = 4E7956331DCA45B600F8096F /* Assets.xcassets */; };
		4E7956371DCA45B600F8096F /* LaunchScreen.storyboard in Resources */ = {isa = PBXBuildFile; fileRef = 4E7956351DCA45B600F8096F /* LaunchScreen.storyboard */; };
		4E7956421DCA45B600F8096F /* TDD_TableView_ApplicationTests.m in Sources */ = {isa = PBXBuildFile; fileRef = 4E7956411DCA45B600F8096F /* TDD_TableView_ApplicationTests.m */; };
/* End PBXBuildFile section */

/* Begin PBXContainerItemProxy section */
		4E79563E1DCA45B600F8096F /* PBXContainerItemProxy */ = {
			isa = PBXContainerItemProxy;
			containerPortal = 4E79561C1DCA45B600F8096F /* Project object */;
			proxyType = 1;
			remoteGlobalIDString = 4E7956231DCA45B600F8096F;
			remoteInfo = TDD_TableView_Application;
		};
/* End PBXContainerItemProxy section */

/* Begin PBXFileReference section */
		4E7956241DCA45B600F8096F /* TDD_TableView_Application.app */ = {isa = PBXFileReference; explicitFileType = wrapper.application; includeInIndex = 0; path = TDD_TableView_Application.app; sourceTree = BUILT_PRODUCTS_DIR; };
		4E7956281DCA45B600F8096F /* main.m */ = {isa = PBXFileReference; lastKnownFileType = sourcecode.c.objc; path = main.m; sourceTree = "<group>"; };
		4E79562A1DCA45B600F8096F /* AppDelegate.h */ = {isa = PBXFileReference; lastKnownFileType = sourcecode.c.h; path = AppDelegate.h; sourceTree = "<group>"; };
		4E79562B1DCA45B600F8096F /* AppDelegate.m */ = {isa = PBXFileReference; lastKnownFileType = sourcecode.c.objc; path = AppDelegate.m; sourceTree = "<group>"; };
		4E79562D1DCA45B600F8096F /* ViewController.h */ = {isa = PBXFileReference; lastKnownFileType = sourcecode.c.h; path = ViewController.h; sourceTree = "<group>"; };
		4E79562E1DCA45B600F8096F /* ViewController.m */ = {isa = PBXFileReference; lastKnownFileType = sourcecode.c.objc; path = ViewController.m; sourceTree = "<group>"; };
		4E7956311DCA45B600F8096F /* Base */ = {isa = PBXFileReference; lastKnownFileType = file.storyboard; name = Base; path = Base.lproj/Main.storyboard; sourceTree = "<group>"; };
		4E7956331DCA45B600F8096F /* Assets.xcassets */ = {isa = PBXFileReference; lastKnownFileType = folder.assetcatalog; path = Assets.xcassets; sourceTree = "<group>"; };
		4E7956361DCA45B600F8096F /* Base */ = {isa = PBXFileReference; lastKnownFileType = file.storyboard; name = Base; path = Base.lproj/LaunchScreen.storyboard; sourceTree = "<group>"; };
		4E7956381DCA45B600F8096F /* Info.plist */ = {isa = PBXFileReference; lastKnownFileType = text.plist.xml; path = Info.plist; sourceTree = "<group>"; };
		4E79563D1DCA45B600F8096F /* TDD_TableView_ApplicationTests.xctest */ = {isa = PBXFileReference; explicitFileType = wrapper.cfbundle; includeInIndex = 0; path = TDD_TableView_ApplicationTests.xctest; sourceTree = BUILT_PRODUCTS_DIR; };
		4E7956411DCA45B600F8096F /* TDD_TableView_ApplicationTests.m */ = {isa = PBXFileReference; lastKnownFileType = sourcecode.c.objc; path = TDD_TableView_ApplicationTests.m; sourceTree = "<group>"; };
		4E7956431DCA45B600F8096F /* Info.plist */ = {isa = PBXFileReference; lastKnownFileType = text.plist.xml; path = Info.plist; sourceTree = "<group>"; };
/* End PBXFileReference section */

/* Begin PBXFrameworksBuildPhase section */
		4E7956211DCA45B600F8096F /* Frameworks */ = {
			isa = PBXFrameworksBuildPhase;
			buildActionMask = 2147483647;
			files = (
			);
			runOnlyForDeploymentPostprocessing = 0;
		};
		4E79563A1DCA45B600F8096F /* Frameworks */ = {
			isa = PBXFrameworksBuildPhase;
			buildActionMask = 2147483647;
			files = (
			);
			runOnlyForDeploymentPostprocessing = 0;
		};
/* End PBXFrameworksBuildPhase section */

/* Begin PBXGroup section */
		4E79561B1DCA45B600F8096F = {
			isa = PBXGroup;
			children = (
				4E7956261DCA45B600F8096F /* TDD_TableView_Application */,
				4E7956401DCA45B600F8096F /* TDD_TableView_ApplicationTests */,
				4E7956251DCA45B600F8096F /* Products */,
			);
			sourceTree = "<group>";
		};
		4E7956251DCA45B600F8096F /* Products */ = {
			isa = PBXGroup;
			children = (
				4E7956241DCA45B600F8096F /* TDD_TableView_Application.app */,
				4E79563D1DCA45B600F8096F /* TDD_TableView_ApplicationTests.xctest */,
			);
			name = Products;
			sourceTree = "<group>";
		};
		4E7956261DCA45B600F8096F /* TDD_TableView_Application */ = {
			isa = PBXGroup;
			children = (
				4E79562A1DCA45B600F8096F /* AppDelegate.h */,
				4E79562B1DCA45B600F8096F /* AppDelegate.m */,
				4E79562D1DCA45B600F8096F /* ViewController.h */,
				4E79562E1DCA45B600F8096F /* ViewController.m */,
				4E7956301DCA45B600F8096F /* Main.storyboard */,
				4E7956331DCA45B600F8096F /* Assets.xcassets */,
				4E7956351DCA45B600F8096F /* LaunchScreen.storyboard */,
				4E7956381DCA45B600F8096F /* Info.plist */,
				4E7956271DCA45B600F8096F /* Supporting Files */,
			);
			path = TDD_TableView_Application;
			sourceTree = "<group>";
		};
		4E7956271DCA45B600F8096F /* Supporting Files */ = {
			isa = PBXGroup;
			children = (
				4E7956281DCA45B600F8096F /* main.m */,
			);
			name = "Supporting Files";
			sourceTree = "<group>";
		};
		4E7956401DCA45B600F8096F /* TDD_TableView_ApplicationTests */ = {
			isa = PBXGroup;
			children = (
				4E7956411DCA45B600F8096F /* TDD_TableView_ApplicationTests.m */,
				4E7956431DCA45B600F8096F /* Info.plist */,
			);
			path = TDD_TableView_ApplicationTests;
			sourceTree = "<group>";
		};
/* End PBXGroup section */

/* Begin PBXNativeTarget section */
		4E7956231DCA45B600F8096F /* TDD_TableView_Application */ = {
			isa = PBXNativeTarget;
			buildConfigurationList = 4E7956461DCA45B600F8096F /* Build configuration list for PBXNativeTarget "TDD_TableView_Application" */;
			buildPhases = (
				4E7956201DCA45B600F8096F /* Sources */,
				4E7956211DCA45B600F8096F /* Frameworks */,
				4E7956221DCA45B600F8096F /* Resources */,
			);
			buildRules = (
			);
			dependencies = (
			);
			name = TDD_TableView_Application;
			productName = TDD_TableView_Application;
			productReference = 4E7956241DCA45B600F8096F /* TDD_TableView_Application.app */;
			productType = "com.apple.product-type.application";
		};
		4E79563C1DCA45B600F8096F /* TDD_TableView_ApplicationTests */ = {
			isa = PBXNativeTarget;
			buildConfigurationList = 4E7956491DCA45B600F8096F /* Build configuration list for PBXNativeTarget "TDD_TableView_ApplicationTests" */;
			buildPhases = (
				4E7956391DCA45B600F8096F /* Sources */,
				4E79563A1DCA45B600F8096F /* Frameworks */,
				4E79563B1DCA45B600F8096F /* Resources */,
			);
			buildRules = (
			);
			dependencies = (
				4E79563F1DCA45B600F8096F /* PBXTargetDependency */,
			);
			name = TDD_TableView_ApplicationTests;
			productName = TDD_TableView_ApplicationTests;
			productReference = 4E79563D1DCA45B600F8096F /* TDD_TableView_ApplicationTests.xctest */;
			productType = "com.apple.product-type.bundle.unit-test";
		};
/* End PBXNativeTarget section */

/* Begin PBXProject section */
		4E79561C1DCA45B600F8096F /* Project object */ = {
			isa = PBXProject;
			attributes = {
				LastUpgradeCheck = 0730;
				ORGANIZATIONNAME = "National Center for Telehealth & Technology";
				TargetAttributes = {
					4E7956231DCA45B600F8096F = {
						CreatedOnToolsVersion = 7.3.1;
					};
					4E79563C1DCA45B600F8096F = {
						CreatedOnToolsVersion = 7.3.1;
						TestTargetID = 4E7956231DCA45B600F8096F;
					};
				};
			};
			buildConfigurationList = 4E79561F1DCA45B600F8096F /* Build configuration list for PBXProject "TDD_TableView_Application" */;
			compatibilityVersion = "Xcode 3.2";
			developmentRegion = English;
			hasScannedForEncodings = 0;
			knownRegions = (
				en,
				Base,
			);
			mainGroup = 4E79561B1DCA45B600F8096F;
			productRefGroup = 4E7956251DCA45B600F8096F /* Products */;
			projectDirPath = "";
			projectRoot = "";
			targets = (
				4E7956231DCA45B600F8096F /* TDD_TableView_Application */,
				4E79563C1DCA45B600F8096F /* TDD_TableView_ApplicationTests */,
			);
		};
/* End PBXProject section */

/* Begin PBXResourcesBuildPhase section */
		4E7956221DCA45B600F8096F /* Resources */ = {
			isa = PBXResourcesBuildPhase;
			buildActionMask = 2147483647;
			files = (
				4E7956371DCA45B600F8096F /* LaunchScreen.storyboard in Resources */,
				4E7956341DCA45B600F8096F /* Assets.xcassets in Resources */,
				4E7956321DCA45B600F8096F /* Main.storyboard in Resources */,
			);
			runOnlyForDeploymentPostprocessing = 0;
		};
		4E79563B1DCA45B600F8096F /* Resources */ = {
			isa = PBXResourcesBuildPhase;
			buildActionMask = 2147483647;
			files = (
			);
			runOnlyForDeploymentPostprocessing = 0;
		};
/* End PBXResourcesBuildPhase section */

/* Begin PBXSourcesBuildPhase section */
		4E7956201DCA45B600F8096F /* Sources */ = {
			isa = PBXSourcesBuildPhase;
			buildActionMask = 2147483647;
			files = (
				4E79562F1DCA45B600F8096F /* ViewController.m in Sources */,
				4E79562C1DCA45B600F8096F /* AppDelegate.m in Sources */,
				4E7956291DCA45B600F8096F /* main.m in Sources */,
			);
			runOnlyForDeploymentPostprocessing = 0;
		};
		4E7956391DCA45B600F8096F /* Sources */ = {
			isa = PBXSourcesBuildPhase;
			buildActionMask = 2147483647;
			files = (
				4E7956421DCA45B600F8096F /* TDD_TableView_ApplicationTests.m in Sources */,
			);
			runOnlyForDeploymentPostprocessing = 0;
		};
/* End PBXSourcesBuildPhase section */

/* Begin PBXTargetDependency section */
		4E79563F1DCA45B600F8096F /* PBXTargetDependency */ = {
			isa = PBXTargetDependency;
			target = 4E7956231DCA45B600F8096F /* TDD_TableView_Application */;
			targetProxy = 4E79563E1DCA45B600F8096F /* PBXContainerItemProxy */;
		};
/* End PBXTargetDependency section */

/* Begin PBXVariantGroup section */
		4E7956301DCA45B600F8096F /* Main.storyboard */ = {
			isa = PBXVariantGroup;
			children = (
				4E7956311DCA45B600F8096F /* Base */,
			);
			name = Main.storyboard;
			sourceTree = "<group>";
		};
		4E7956351DCA45B600F8096F /* LaunchScreen.storyboard */ = {
			isa = PBXVariantGroup;
			children = (
				4E7956361DCA45B600F8096F /* Base */,
			);
			name = LaunchScreen.storyboard;
			sourceTree = "<group>";
		};
/* End PBXVariantGroup section */

/* Begin XCBuildConfiguration section */
		4E7956441DCA45B600F8096F /* Debug */ = {
			isa = XCBuildConfiguration;
			buildSettings = {
				ALWAYS_SEARCH_USER_PATHS = NO;
				CLANG_ANALYZER_NONNULL = YES;
				CLANG_CXX_LANGUAGE_STANDARD = "gnu++0x";
				CLANG_CXX_LIBRARY = "libc++";
				CLANG_ENABLE_MODULES = YES;
				CLANG_ENABLE_OBJC_ARC = YES;
				CLANG_WARN_BOOL_CONVERSION = YES;
				CLANG_WARN_CONSTANT_CONVERSION = YES;
				CLANG_WARN_DIRECT_OBJC_ISA_USAGE = YES_ERROR;
				CLANG_WARN_EMPTY_BODY = YES;
				CLANG_WARN_ENUM_CONVERSION = YES;
				CLANG_WARN_INT_CONVERSION = YES;
				CLANG_WARN_OBJC_ROOT_CLASS = YES_ERROR;
				CLANG_WARN_UNREACHABLE_CODE = YES;
				CLANG_WARN__DUPLICATE_METHOD_MATCH = YES;
				"CODE_SIGN_IDENTITY[sdk=iphoneos*]" = "iPhone Developer";
				COPY_PHASE_STRIP = NO;
				DEBUG_INFORMATION_FORMAT = dwarf;
				ENABLE_STRICT_OBJC_MSGSEND = YES;
				ENABLE_TESTABILITY = YES;
				GCC_C_LANGUAGE_STANDARD = gnu99;
				GCC_DYNAMIC_NO_PIC = NO;
				GCC_NO_COMMON_BLOCKS = YES;
				GCC_OPTIMIZATION_LEVEL = 0;
				GCC_PREPROCESSOR_DEFINITIONS = (
					"DEBUG=1",
					"$(inherited)",
				);
				GCC_WARN_64_TO_32_BIT_CONVERSION = YES;
				GCC_WARN_ABOUT_RETURN_TYPE = YES_ERROR;
				GCC_WARN_UNDECLARED_SELECTOR = YES;
				GCC_WARN_UNINITIALIZED_AUTOS = YES_AGGRESSIVE;
				GCC_WARN_UNUSED_FUNCTION = YES;
				GCC_WARN_UNUSED_VARIABLE = YES;
				IPHONEOS_DEPLOYMENT_TARGET = 9.3;
				MTL_ENABLE_DEBUG_INFO = YES;
				ONLY_ACTIVE_ARCH = YES;
				SDKROOT = iphoneos;
			};
			name = Debug;
		};
		4E7956451DCA45B600F8096F /* Release */ = {
			isa = XCBuildConfiguration;
			buildSettings = {
				ALWAYS_SEARCH_USER_PATHS = NO;
				CLANG_ANALYZER_NONNULL = YES;
				CLANG_CXX_LANGUAGE_STANDARD = "gnu++0x";
				CLANG_CXX_LIBRARY = "libc++";
				CLANG_ENABLE_MODULES = YES;
				CLANG_ENABLE_OBJC_ARC = YES;
				CLANG_WARN_BOOL_CONVERSION = YES;
				CLANG_WARN_CONSTANT_CONVERSION = YES;
				CLANG_WARN_DIRECT_OBJC_ISA_USAGE = YES_ERROR;
				CLANG_WARN_EMPTY_BODY = YES;
				CLANG_WARN_ENUM_CONVERSION = YES;
				CLANG_WARN_INT_CONVERSION = YES;
				CLANG_WARN_OBJC_ROOT_CLASS = YES_ERROR;
				CLANG_WARN_UNREACHABLE_CODE = YES;
				CLANG_WARN__DUPLICATE_METHOD_MATCH = YES;
				"CODE_SIGN_IDENTITY[sdk=iphoneos*]" = "iPhone Developer";
				COPY_PHASE_STRIP = NO;
				DEBUG_INFORMATION_FORMAT = "dwarf-with-dsym";
				ENABLE_NS_ASSERTIONS = NO;
				ENABLE_STRICT_OBJC_MSGSEND = YES;
				GCC_C_LANGUAGE_STANDARD = gnu99;
				GCC_NO_COMMON_BLOCKS = YES;
				GCC_WARN_64_TO_32_BIT_CONVERSION = YES;
				GCC_WARN_ABOUT_RETURN_TYPE = YES_ERROR;
				GCC_WARN_UNDECLARED_SELECTOR = YES;
				GCC_WARN_UNINITIALIZED_AUTOS = YES_AGGRESSIVE;
				GCC_WARN_UNUSED_FUNCTION = YES;
				GCC_WARN_UNUSED_VARIABLE = YES;
				IPHONEOS_DEPLOYMENT_TARGET = 9.3;
				MTL_ENABLE_DEBUG_INFO = NO;
				SDKROOT = iphoneos;
				VALIDATE_PRODUCT = YES;
			};
			name = Release;
		};
		4E7956471DCA45B600F8096F /* Debug */ = {
			isa = XCBuildConfiguration;
			buildSettings = {
				ASSETCATALOG_COMPILER_APPICON_NAME = AppIcon;
				INFOPLIST_FILE = TDD_TableView_Application/Info.plist;
				LD_RUNPATH_SEARCH_PATHS = "$(inherited) @executable_path/Frameworks";
				PRODUCT_BUNDLE_IDENTIFIER = "org.t2Health.TDD-TableView-Application";
				PRODUCT_NAME = "$(TARGET_NAME)";
			};
			name = Debug;
		};
		4E7956481DCA45B600F8096F /* Release */ = {
			isa = XCBuildConfiguration;
			buildSettings = {
				ASSETCATALOG_COMPILER_APPICON_NAME = AppIcon;
				INFOPLIST_FILE = TDD_TableView_Application/Info.plist;
				LD_RUNPATH_SEARCH_PATHS = "$(inherited) @executable_path/Frameworks";
				PRODUCT_BUNDLE_IDENTIFIER = "org.t2Health.TDD-TableView-Application";
				PRODUCT_NAME = "$(TARGET_NAME)";
			};
			name = Release;
		};
		4E79564A1DCA45B600F8096F /* Debug */ = {
			isa = XCBuildConfiguration;
			buildSettings = {
				BUNDLE_LOADER = "$(TEST_HOST)";
				INFOPLIST_FILE = TDD_TableView_ApplicationTests/Info.plist;
				LD_RUNPATH_SEARCH_PATHS = "$(inherited) @executable_path/Frameworks @loader_path/Frameworks";
				PRODUCT_BUNDLE_IDENTIFIER = "org.t2Health.TDD-TableView-ApplicationTests";
				PRODUCT_NAME = "$(TARGET_NAME)";
				TEST_HOST = "$(BUILT_PRODUCTS_DIR)/TDD_TableView_Application.app/TDD_TableView_Application";
			};
			name = Debug;
		};
		4E79564B1DCA45B600F8096F /* Release */ = {
			isa = XCBuildConfiguration;
			buildSettings = {
				BUNDLE_LOADER = "$(TEST_HOST)";
				INFOPLIST_FILE = TDD_TableView_ApplicationTests/Info.plist;
				LD_RUNPATH_SEARCH_PATHS = "$(inherited) @executable_path/Frameworks @loader_path/Frameworks";
				PRODUCT_BUNDLE_IDENTIFIER = "org.t2Health.TDD-TableView-ApplicationTests";
				PRODUCT_NAME = "$(TARGET_NAME)";
				TEST_HOST = "$(BUILT_PRODUCTS_DIR)/TDD_TableView_Application.app/TDD_TableView_Application";
			};
			name = Release;
		};
/* End XCBuildConfiguration section */

/* Begin XCConfigurationList section */
		4E79561F1DCA45B600F8096F /* Build configuration list for PBXProject "TDD_TableView_Application" */ = {
			isa = XCConfigurationList;
			buildConfigurations = (
				4E7956441DCA45B600F8096F /* Debug */,
				4E7956451DCA45B600F8096F /* Release */,
			);
			defaultConfigurationIsVisible = 0;
			defaultConfigurationName = Release;
		};
		4E7956461DCA45B600F8096F /* Build configuration list for PBXNativeTarget "TDD_TableView_Application" */ = {
			isa = XCConfigurationList;
			buildConfigurations = (
				4E7956471DCA45B600F8096F /* Debug */,
				4E7956481DCA45B600F8096F /* Release */,
			);
			defaultConfigurationIsVisible = 0;
		};
		4E7956491DCA45B600F8096F /* Build configuration list for PBXNativeTarget "TDD_TableView_ApplicationTests" */ = {
			isa = XCConfigurationList;
			buildConfigurations = (
				4E79564A1DCA45B600F8096F /* Debug */,
				4E79564B1DCA45B600F8096F /* Release */,
			);
			defaultConfigurationIsVisible = 0;
		};
/* End XCConfigurationList section */
	};
	rootObject = 4E79561C1DCA45B600F8096F /* Project object */;
}
